// !$*UTF8*$!
{
	archiveVersion = 1;
	classes = {
	};
	objectVersion = 46;
	objects = {

/* Begin PBXBuildFile section */
		39ABD82315727B2B004D5A61 /* main.c in Sources */ = {isa = PBXBuildFile; fileRef = 39ABD82215727B2B004D5A61 /* main.c */; };
		39ABD82515727B2B004D5A61 /* ZeefVanEratosthenes.1 in CopyFiles */ = {isa = PBXBuildFile; fileRef = 39ABD82415727B2B004D5A61 /* ZeefVanEratosthenes.1 */; };
/* End PBXBuildFile section */

/* Begin PBXCopyFilesBuildPhase section */
		39ABD81C15727B2B004D5A61 /* CopyFiles */ = {
			isa = PBXCopyFilesBuildPhase;
			buildActionMask = 2147483647;
			dstPath = /usr/share/man/man1/;
			dstSubfolderSpec = 0;
			files = (
				39ABD82515727B2B004D5A61 /* ZeefVanEratosthenes.1 in CopyFiles */,
			);
			runOnlyForDeploymentPostprocessing = 1;
		};
/* End PBXCopyFilesBuildPhase section */

/* Begin PBXFileReference section */
		39ABD81E15727B2B004D5A61 /* ZeefVanEratosthenes */ = {isa = PBXFileReference; explicitFileType = "compiled.mach-o.executable"; includeInIndex = 0; path = ZeefVanEratosthenes; sourceTree = BUILT_PRODUCTS_DIR; };
		39ABD82215727B2B004D5A61 /* main.c */ = {isa = PBXFileReference; lastKnownFileType = sourcecode.c.c; path = main.c; sourceTree = "<group>"; };
		39ABD82415727B2B004D5A61 /* ZeefVanEratosthenes.1 */ = {isa = PBXFileReference; lastKnownFileType = text.man; path = ZeefVanEratosthenes.1; sourceTree = "<group>"; };
/* End PBXFileReference section */

/* Begin PBXFrameworksBuildPhase section */
		39ABD81B15727B2B004D5A61 /* Frameworks */ = {
			isa = PBXFrameworksBuildPhase;
			buildActionMask = 2147483647;
			files = (
			);
			runOnlyForDeploymentPostprocessing = 0;
		};
/* End PBXFrameworksBuildPhase section */

/* Begin PBXGroup section */
		39ABD81315727B2B004D5A61 = {
			isa = PBXGroup;
			children = (
				39ABD82115727B2B004D5A61 /* ZeefVanEratosthenes */,
				39ABD81F15727B2B004D5A61 /* Products */,
			);
			sourceTree = "<group>";
		};
		39ABD81F15727B2B004D5A61 /* Products */ = {
			isa = PBXGroup;
			children = (
				39ABD81E15727B2B004D5A61 /* ZeefVanEratosthenes */,
			);
			name = Products;
			sourceTree = "<group>";
		};
		39ABD82115727B2B004D5A61 /* ZeefVanEratosthenes */ = {
			isa = PBXGroup;
			children = (
				39ABD82215727B2B004D5A61 /* main.c */,
				39ABD82415727B2B004D5A61 /* ZeefVanEratosthenes.1 */,
			);
			path = ZeefVanEratosthenes;
			sourceTree = "<group>";
		};
/* End PBXGroup section */

/* Begin PBXNativeTarget section */
		39ABD81D15727B2B004D5A61 /* ZeefVanEratosthenes */ = {
			isa = PBXNativeTarget;
			buildConfigurationList = 39ABD82815727B2B004D5A61 /* Build configuration list for PBXNativeTarget "ZeefVanEratosthenes" */;
			buildPhases = (
				39ABD81A15727B2B004D5A61 /* Sources */,
				39ABD81B15727B2B004D5A61 /* Frameworks */,
				39ABD81C15727B2B004D5A61 /* CopyFiles */,
			);
			buildRules = (
			);
			dependencies = (
			);
			name = ZeefVanEratosthenes;
			productName = ZeefVanEratosthenes;
			productReference = 39ABD81E15727B2B004D5A61 /* ZeefVanEratosthenes */;
			productType = "com.apple.product-type.tool";
		};
/* End PBXNativeTarget section */

/* Begin PBXProject section */
		39ABD81515727B2B004D5A61 /* Project object */ = {
			isa = PBXProject;
			attributes = {
				LastUpgradeCheck = 0420;
				ORGANIZATIONNAME = "Lemmens inc";
			};
			buildConfigurationList = 39ABD81815727B2B004D5A61 /* Build configuration list for PBXProject "ZeefVanEratosthenes" */;
			compatibilityVersion = "Xcode 3.2";
			developmentRegion = English;
			hasScannedForEncodings = 0;
			knownRegions = (
				en,
			);
			mainGroup = 39ABD81315727B2B004D5A61;
			productRefGroup = 39ABD81F15727B2B004D5A61 /* Products */;
			projectDirPath = "";
			projectRoot = "";
			targets = (
				39ABD81D15727B2B004D5A61 /* ZeefVanEratosthenes */,
			);
		};
/* End PBXProject section */

/* Begin PBXSourcesBuildPhase section */
		39ABD81A15727B2B004D5A61 /* Sources */ = {
			isa = PBXSourcesBuildPhase;
			buildActionMask = 2147483647;
			files = (
				39ABD82315727B2B004D5A61 /* main.c in Sources */,
			);
			runOnlyForDeploymentPostprocessing = 0;
		};
/* End PBXSourcesBuildPhase section */

/* Begin XCBuildConfiguration section */
		39ABD82615727B2B004D5A61 /* Debug */ = {
			isa = XCBuildConfiguration;
			buildSettings = {
				ALWAYS_SEARCH_USER_PATHS = NO;
				ARCHS = "$(ARCHS_STANDARD_64_BIT)";
				CLANG_ENABLE_OBJC_ARC = YES;
				COPY_PHASE_STRIP = NO;
				GCC_C_LANGUAGE_STANDARD = gnu99;
				GCC_DYNAMIC_NO_PIC = NO;
				GCC_ENABLE_OBJC_EXCEPTIONS = YES;
				GCC_OPTIMIZATION_LEVEL = 0;
				GCC_PREPROCESSOR_DEFINITIONS = (
					"DEBUG=1",
					"$(inherited)",
				);
				GCC_SYMBOLS_PRIVATE_EXTERN = NO;
				GCC_VERSION = com.apple.compilers.llvm.clang.1_0;
				GCC_WARN_64_TO_32_BIT_CONVERSION = YES;
				GCC_WARN_ABOUT_MISSING_PROTOTYPES = YES;
				GCC_WARN_ABOUT_RETURN_TYPE = YES;
				GCC_WARN_UNUSED_VARIABLE = YES;
				MACOSX_DEPLOYMENT_TARGET = 10.7;
				ONLY_ACTIVE_ARCH = YES;
				SDKROOT = macosx;
			};
			name = Debug;
		};
		39ABD82715727B2B004D5A61 /* Release */ = {
			isa = XCBuildConfiguration;
			buildSettings = {
				ALWAYS_SEARCH_USER_PATHS = NO;
				ARCHS = "$(ARCHS_STANDARD_64_BIT)";
				CLANG_ENABLE_OBJC_ARC = YES;
				COPY_PHASE_STRIP = YES;
				DEBUG_INFORMATION_FORMAT = "dwarf-with-dsym";
				GCC_C_LANGUAGE_STANDARD = gnu99;
				GCC_ENABLE_OBJC_EXCEPTIONS = YES;
				GCC_VERSION = com.apple.compilers.llvm.clang.1_0;
				GCC_WARN_64_TO_32_BIT_CONVERSION = YES;
				GCC_WARN_ABOUT_MISSING_PROTOTYPES = YES;
				GCC_WARN_ABOUT_RETURN_TYPE = YES;
				GCC_WARN_UNUSED_VARIABLE = YES;
				MACOSX_DEPLOYMENT_TARGET = 10.7;
				SDKROOT = macosx;
			};
			name = Release;
		};
		39ABD82915727B2B004D5A61 /* Debug */ = {
			isa = XCBuildConfiguration;
			buildSettings = {
				PRODUCT_NAME = "$(TARGET_NAME)";
			};
			name = Debug;
		};
		39ABD82A15727B2B004D5A61 /* Release */ = {
			isa = XCBuildConfiguration;
			buildSettings = {
				PRODUCT_NAME = "$(TARGET_NAME)";
			};
			name = Release;
		};
/* End XCBuildConfiguration section */

/* Begin XCConfigurationList section */
		39ABD81815727B2B004D5A61 /* Build configuration list for PBXProject "ZeefVanEratosthenes" */ = {
			isa = XCConfigurationList;
			buildConfigurations = (
				39ABD82615727B2B004D5A61 /* Debug */,
				39ABD82715727B2B004D5A61 /* Release */,
			);
			defaultConfigurationIsVisible = 0;
			defaultConfigurationName = Release;
		};
		39ABD82815727B2B004D5A61 /* Build configuration list for PBXNativeTarget "ZeefVanEratosthenes" */ = {
			isa = XCConfigurationList;
			buildConfigurations = (
				39ABD82915727B2B004D5A61 /* Debug */,
				39ABD82A15727B2B004D5A61 /* Release */,
			);
			defaultConfigurationIsVisible = 0;
		};
/* End XCConfigurationList section */
	};
	rootObject = 39ABD81515727B2B004D5A61 /* Project object */;
}
